<?xml version="1.0" encoding="UTF-8"?>
<CONFIG>
  <ProjectOptions>
    <Version Value="12"/>
    <PathDelim Value="\"/>
    <General>
      <Flags>
        <CompatibilityMode Value="True"/>
      </Flags>
      <Title Value="Kantu - Price Pattern Parameter-lessTrading System Generator"/>
      <ResourceType Value="res"/>
      <UseXPManifest Value="True"/>
      <Icon Value="0"/>
    </General>
    <i18n>
      <EnableI18N LFM="False"/>
    </i18n>
    <VersionInfo>
      <UseVersionInfo Value="True"/>
      <MajorVersionNr Value="1"/>
      <MinorVersionNr Value="1"/>
      <RevisionNr Value="1"/>
    </VersionInfo>
    <BuildModes Count="1" Active="Default">
      <Item1 Name="Default" Default="True"/>
    </BuildModes>
    <PublishOptions>
      <Version Value="2"/>
    </PublishOptions>
    <RunParams>
      <FormatVersion Value="2"/>
      <Modes Count="1">
        <Mode0 Name="default"/>
      </Modes>
    </RunParams>
    <RequiredPackages Count="3">
      <Item1>
        <PackageName Value="FCL"/>
      </Item1>
      <Item2>
        <PackageName Value="TAChartLazarusPkg"/>
        <MinVersion Major="1" Valid="True"/>
      </Item2>
      <Item3>
        <PackageName Value="LCL"/>
      </Item3>
    </RequiredPackages>
    <Units Count="51">
      <Unit0>
        <Filename Value="kantu.pas"/>
        <IsPartOfProject Value="True"/>
        <EditorIndex Value="11"/>
        <CursorPos X="40" Y="37"/>
        <UsageCount Value="200"/>
        <Loaded Value="True"/>
      </Unit0>
      <Unit1>
        <Filename Value="kantu_main.pas"/>
        <IsPartOfProject Value="True"/>
        <ComponentName Value="MainForm"/>
        <HasResources Value="True"/>
        <ResourceBaseClass Value="Form"/>
        <EditorIndex Value="10"/>
        <CursorPos X="17" Y="26"/>
        <UsageCount Value="200"/>
        <Loaded Value="True"/>
        <LoadedDesigner Value="True"/>
      </Unit1>
      <Unit2>
        <Filename Value="kantu_definitions.pas"/>
        <IsPartOfProject Value="True"/>
        <EditorIndex Value="6"/>
        <TopLine Value="292"/>
        <CursorPos Y="383"/>
        <UsageCount Value="200"/>
        <Loaded Value="True"/>
      </Unit2>
      <Unit3>
        <Filename Value="kantu_simulation.pas"/>
        <IsPartOfProject Value="True"/>
        <ComponentName Value="SimulationForm"/>
        <HasResources Value="True"/>
        <ResourceBaseClass Value="Form"/>
        <EditorIndex Value="4"/>
        <CursorPos X="21" Y="40"/>
        <UsageCount Value="200"/>
        <Bookmarks Count="1">
          <Item0 Y="59" ID="9"/>
        </Bookmarks>
        <Loaded Value="True"/>
        <LoadedDesigner Value="True"/>
      </Unit3>
      <Unit4>
        <Filename Value="kantu_status.pas"/>
        <ComponentName Value="StatusForm"/>
        <HasResources Value="True"/>
        <ResourceBaseClass Value="Form"/>
        <TopLine Value="9"/>
        <CursorPos X="64" Y="34"/>
        <UsageCount Value="198"/>
      </Unit4>
      <Unit5>
        <Filename Value="kantu_pricepattern.pas"/>
        <IsPartOfProject Value="True"/>
        <ComponentName Value="PricePatternForm"/>
        <HasResources Value="True"/>
        <ResourceBaseClass Value="Form"/>
        <EditorIndex Value="1"/>
        <CursorPos X="34" Y="109"/>
        <UsageCount Value="215"/>
        <Loaded Value="True"/>
        <LoadedDesigner Value="True"/>
      </Unit5>
      <Unit6>
        <Filename Value="kantu_filters.pas"/>
        <IsPartOfProject Value="True"/>
        <ComponentName Value="FiltersForm"/>
        <HasResources Value="True"/>
        <ResourceBaseClass Value="Form"/>
        <EditorIndex Value="9"/>
        <CursorPos X="38" Y="20"/>
        <UsageCount Value="228"/>
        <Loaded Value="True"/>
      </Unit6>
      <Unit7>
        <Filename Value="kantu_custom_filter.pas"/>
        <IsPartOfProject Value="True"/>
        <ComponentName Value="CustomFilterForm"/>
        <HasResources Value="True"/>
        <ResourceBaseClass Value="Form"/>
        <EditorIndex Value="8"/>
        <CursorPos X="35" Y="13"/>
        <UsageCount Value="211"/>
        <Loaded Value="True"/>
      </Unit7>
      <Unit8>
        <Filename Value="kantu_isosstudy.pas"/>
        <ComponentName Value="ISOSStudyForm"/>
        <HasResources Value="True"/>
        <ResourceBaseClass Value="Form"/>
        <TopLine Value="6"/>
        <CursorPos Y="38"/>
        <FoldState Value=" T3b0*-"/>
        <UsageCount Value="301"/>
      </Unit8>
      <Unit9>
        <Filename Value="kantu_loadsymbol.pas"/>
        <IsPartOfProject Value="True"/>
        <ComponentName Value="loadSymbol"/>
        <HasResources Value="True"/>
        <ResourceBaseClass Value="Form"/>
        <UnitName Value="kantu_loadSymbol"/>
        <EditorIndex Value="3"/>
        <CursorPos X="3" Y="18"/>
        <UsageCount Value="253"/>
        <Loaded Value="True"/>
      </Unit9>
      <Unit10>
        <Filename Value="kantu_multithreading.pas"/>
        <IsPartOfProject Value="True"/>
        <EditorIndex Value="7"/>
        <TopLine Value="106"/>
        <CursorPos Y="7"/>
        <UsageCount Value="201"/>
        <Loaded Value="True"/>
      </Unit10>
      <Unit11>
        <Filename Value="kantu_license.pas"/>
        <ComponentName Value="LicenseForm"/>
        <HasResources Value="True"/>
        <ResourceBaseClass Value="Form"/>
        <TopLine Value="34"/>
        <CursorPos X="22" Y="43"/>
        <UsageCount Value="208"/>
      </Unit11>
      <Unit12>
        <Filename Value="kantu_portfolioresults.pas"/>
        <IsPartOfProject Value="True"/>
        <ComponentName Value="PortfolioResultForm"/>
        <HasResources Value="True"/>
        <ResourceBaseClass Value="Form"/>
        <UnitName Value="kantu_portfolioResults"/>
        <CursorPos X="126" Y="6"/>
        <UsageCount Value="200"/>
      </Unit12>
      <Unit13>
        <Filename Value="kantu_indicators.pas"/>
        <IsPartOfProject Value="True"/>
        <CursorPos X="24" Y="62"/>
        <UsageCount Value="237"/>
        <Bookmarks Count="1">
          <Item0 Y="2051"/>
        </Bookmarks>
        <Loaded Value="True"/>
      </Unit13>
      <Unit14>
        <Filename Value="C:\lazarus\lcl\grids.pas"/>
        <UnitName Value="Grids"/>
        <TopLine Value="8659"/>
        <CursorPos X="9" Y="8667"/>
        <UsageCount Value="103"/>
      </Unit14>
      <Unit15>
        <Filename Value="kantu_regular_simulation.pas"/>
        <IsPartOfProject Value="True"/>
        <CursorPos X="22" Y="20"/>
        <UsageCount Value="235"/>
      </Unit15>
      <Unit16>
        <Filename Value="kantu_simulation_show.pas"/>
        <IsPartOfProject Value="True"/>
        <ComponentName Value="SimulationForm2"/>
        <HasResources Value="True"/>
        <ResourceBaseClass Value="Form"/>
        <EditorIndex Value="5"/>
        <TopLine Value="243"/>
        <CursorPos X="17" Y="258"/>
        <UsageCount Value="219"/>
        <Loaded Value="True"/>
        <LoadedDesigner Value="True"/>
      </Unit16>
      <Unit17>
        <Filename Value="C:\lazarus\components\tachart\tagraph.pas"/>
        <UnitName Value="TAGraph"/>
        <TopLine Value="454"/>
        <CursorPos Y="475"/>
        <UsageCount Value="138"/>
      </Unit17>
      <Unit18>
        <Filename Value="..\vendor\TZMSQL-0.1.13\janSQL.pas"/>
        <TopLine Value="2912"/>
        <CursorPos Y="2932"/>
        <UsageCount Value="9"/>
      </Unit18>
      <Unit19>
        <Filename Value="C:\lazarus\lcl\include\customlistbox.inc"/>
        <TopLine Value="177"/>
        <CursorPos X="38" Y="191"/>
        <UsageCount Value="13"/>
      </Unit19>
      <Unit20>
        <Filename Value="kantu_singlesystem.pas"/>
        <IsPartOfProject Value="True"/>
        <ComponentName Value="SingleSystem"/>
        <HasResources Value="True"/>
        <ResourceBaseClass Value="Form"/>
        <UnitName Value="kantu_singleSystem"/>
        <EditorIndex Value="2"/>
        <TopLine Value="34"/>
        <CursorPos Y="59"/>
        <UsageCount Value="324"/>
        <Loaded Value="True"/>
        <LoadedDesigner Value="True"/>
      </Unit20>
      <Unit21>
        <Filename Value="C:\lazarus\components\tachart\tasources.pas"/>
        <UnitName Value="TASources"/>
        <TopLine Value="566"/>
        <CursorPos Y="587"/>
        <UsageCount Value="116"/>
      </Unit21>
      <Unit22>
        <Filename Value="C:\lazarus\components\tachart\tacustomseries.pas"/>
        <UnitName Value="TACustomSeries"/>
        <TopLine Value="704"/>
        <CursorPos Y="725"/>
        <UsageCount Value="114"/>
      </Unit22>
      <Unit23>
        <Filename Value="C:\lazarus\lcl\include\control.inc"/>
        <TopLine Value="3626"/>
        <CursorPos X="108" Y="3644"/>
        <UsageCount Value="8"/>
      </Unit23>
      <Unit24>
        <Filename Value="kantu_loadsymbol.lfm"/>
        <UsageCount Value="8"/>
        <DefaultSyntaxHighlighter Value="LFM"/>
      </Unit24>
      <Unit25>
        <Filename Value="C:\lazarus\fpc\2.6.4\source\packages\fcl-base\src\fpexprpars.pp"/>
        <EditorIndex Value="-1"/>
        <TopLine Value="599"/>
        <CursorPos X="14" Y="617"/>
        <UsageCount Value="10"/>
      </Unit25>
      <Unit26>
        <Filename Value="C:\dev\fpc\lazarus\lcl\themes.pas"/>
        <UnitName Value="Themes"/>
        <EditorIndex Value="-1"/>
        <TopLine Value="507"/>
        <CursorPos X="18" Y="528"/>
        <UsageCount Value="10"/>
      </Unit26>
      <Unit27>
        <Filename Value="C:\dev\fpc\lazarus\lcl\lclintf.pas"/>
        <UnitName Value="LCLIntf"/>
        <EditorIndex Value="-1"/>
        <TopLine Value="36"/>
        <CursorPos X="43" Y="57"/>
        <UsageCount Value="20"/>
      </Unit27>
      <Unit28>
        <Filename Value="C:\dev\fpc\lazarus\lcl\lclproc.pas"/>
        <UnitName Value="LCLProc"/>
        <EditorIndex Value="-1"/>
        <CursorPos X="13" Y="22"/>
        <UsageCount Value="10"/>
      </Unit28>
      <Unit29>
        <Filename Value="C:\dev\fpc\lazarus\lcl\include\lcl_defines.inc"/>
        <EditorIndex Value="-1"/>
        <UsageCount Value="20"/>
      </Unit29>
      <Unit30>
        <Filename Value="C:\dev\fpc\lazarus\components\lazutils\utf8process.pp"/>
        <UnitName Value="UTF8Process"/>
        <EditorIndex Value="-1"/>
        <TopLine Value="128"/>
        <CursorPos X="39" Y="155"/>
        <UsageCount Value="20"/>
      </Unit30>
      <Unit31>
        <Filename Value="C:\dev\fpc\lazarus\components\lazutils\fileutil.pas"/>
        <UnitName Value="FileUtil"/>
        <EditorIndex Value="-1"/>
        <UsageCount Value="20"/>
      </Unit31>
      <Unit32>
        <Filename Value="C:\dev\lazarus\lcl\lclintf.pas"/>
        <UnitName Value="LCLIntf"/>
        <EditorIndex Value="-1"/>
        <TopLine Value="40"/>
        <CursorPos X="27" Y="57"/>
        <UsageCount Value="21"/>
      </Unit32>
      <Unit33>
        <Filename Value="C:\dev\lazarus\lcl\lclproc.pas"/>
        <UnitName Value="LCLProc"/>
        <EditorIndex Value="-1"/>
        <TopLine Value="5"/>
        <CursorPos X="17" Y="23"/>
        <UsageCount Value="10"/>
      </Unit33>
      <Unit34>
        <Filename Value="C:\dev\lazarus\lcl\include\lcl_defines.inc"/>
        <EditorIndex Value="-1"/>
        <UsageCount Value="23"/>
      </Unit34>
      <Unit35>
        <Filename Value="C:\dev\lazarus\components\lazutils\utf8process.pp"/>
        <UnitName Value="UTF8Process"/>
        <EditorIndex Value="-1"/>
        <TopLine Value="132"/>
        <CursorPos X="15" Y="149"/>
        <UsageCount Value="20"/>
      </Unit35>
      <Unit36>
        <Filename Value="C:\dev\lazarus\components\lazutils\fileutil.pas"/>
        <UnitName Value="FileUtil"/>
        <EditorIndex Value="-1"/>
        <TopLine Value="9"/>
        <CursorPos X="10" Y="101"/>
        <UsageCount Value="10"/>
      </Unit36>
      <Unit37>
        <Filename Value="C:\dev\lazarus\lcl\buttons.pp"/>
        <UnitName Value="Buttons"/>
        <EditorIndex Value="-1"/>
        <TopLine Value="10"/>
        <UsageCount Value="10"/>
      </Unit37>
      <Unit38>
        <Filename Value="C:\dev\lazarus\lcl\themes.pas"/>
        <UnitName Value="Themes"/>
        <EditorIndex Value="-1"/>
        <TopLine Value="501"/>
        <CursorPos X="16" Y="526"/>
        <UsageCount Value="10"/>
      </Unit38>
      <Unit39>
        <Filename Value="C:\dev\lazarus\lcl\graphics.pp"/>
        <UnitName Value="Graphics"/>
        <EditorIndex Value="-1"/>
        <TopLine Value="3"/>
        <CursorPos X="11" Y="20"/>
        <UsageCount Value="10"/>
      </Unit39>
      <Unit40>
        <Filename Value="C:\dev\lazarus\lcl\extctrls.pp"/>
        <UnitName Value="ExtCtrls"/>
        <EditorIndex Value="-1"/>
        <TopLine Value="1650"/>
        <CursorPos X="27" Y="1667"/>
        <UsageCount Value="10"/>
      </Unit40>
      <Unit41>
        <Filename Value="C:\dev\lazarus\lcl\widgetset\wsextctrls.pp"/>
        <UnitName Value="WSExtCtrls"/>
        <EditorIndex Value="-1"/>
        <UsageCount Value="10"/>
      </Unit41>
      <Unit42>
        <Filename Value="C:\dev\lazarus\lcl\interfaces\win32\win32int.pp"/>
        <UnitName Value="Win32Int"/>
        <EditorIndex Value="-1"/>
        <CursorPos X="70" Y="17"/>
        <UsageCount Value="22"/>
      </Unit42>
      <Unit43>
        <Filename Value="C:\dev\lazarus\lcl\extdlgs.pas"/>
        <UnitName Value="ExtDlgs"/>
        <EditorIndex Value="-1"/>
        <TopLine Value="9"/>
        <CursorPos X="50" Y="28"/>
        <UsageCount Value="10"/>
      </Unit43>
      <Unit44>
        <Filename Value="C:\dev\lazarus\lcl\forms\calcform.pas"/>
        <UnitName Value="CalcForm"/>
        <EditorIndex Value="-1"/>
        <UsageCount Value="22"/>
      </Unit44>
      <Unit45>
        <Filename Value="C:\dev\lazarus\components\ideintf\componenteditors.pas"/>
        <UnitName Value="ComponentEditors"/>
        <EditorIndex Value="-1"/>
        <CursorPos X="71" Y="17"/>
        <UsageCount Value="22"/>
      </Unit45>
      <Unit46>
        <Filename Value="C:\dev\lazarus\components\tachart\tatransformations.pas"/>
        <UnitName Value="TATransformations"/>
        <EditorIndex Value="-1"/>
        <TopLine Value="192"/>
        <CursorPos X="54" Y="207"/>
        <UsageCount Value="22"/>
      </Unit46>
      <Unit47>
        <Filename Value="C:\dev\lazarus\components\tachart\editors\tasubcomponentseditor.pas"/>
        <ComponentName Value="ComponentListEditorForm"/>
        <HasResources Value="True"/>
        <ResourceBaseClass Value="Form"/>
        <UnitName Value="TASubcomponentsEditor"/>
        <EditorIndex Value="-1"/>
        <TopLine Value="196"/>
        <UsageCount Value="22"/>
      </Unit47>
      <Unit48>
        <Filename Value="C:\dev\lazarus\components\ideintf\propedits.pp"/>
        <UnitName Value="PropEdits"/>
        <EditorIndex Value="-1"/>
        <TopLine Value="8043"/>
        <CursorPos X="63" Y="8068"/>
        <UsageCount Value="10"/>
      </Unit48>
      <Unit49>
        <Filename Value="ktChart.pas"/>
        <HasResources Value="True"/>
        <IsVisibleTab Value="True"/>
        <EditorIndex Value="12"/>
        <CursorPos X="20" Y="25"/>
        <UsageCount Value="10"/>
        <Loaded Value="True"/>
      </Unit49>
      <Unit50>
        <Filename Value="ktchart.lfm"/>
        <EditorIndex Value="13"/>
        <UsageCount Value="10"/>
        <Loaded Value="True"/>
        <DefaultSyntaxHighlighter Value="LFM"/>
      </Unit50>
    </Units>
    <OtherDefines Count="2">
      <Define0 Value="UseOINormalCheckBox"/>
      <Define1 Value="DELPHI"/>
    </OtherDefines>
    <JumpHistory Count="18" HistoryIndex="17">
      <Position1>
        <Filename Value="kantu_main.pas"/>
        <Caret Line="23" Column="18" TopLine="6"/>
      </Position1>
      <Position2>
        <Filename Value="kantu_loadsymbol.pas"/>
        <Caret Line="13" Column="4"/>
      </Position2>
      <Position3>
        <Filename Value="kantu_loadsymbol.pas"/>
        <Caret Line="36" Column="4" TopLine="14"/>
      </Position3>
      <Position4>
        <Filename Value="kantu_filters.pas"/>
        <Caret Line="20" Column="93"/>
      </Position4>
      <Position5>
        <Filename Value="kantu_indicators.pas"/>
        <Caret Line="13" Column="9"/>
      </Position5>
      <Position6>
        <Filename Value="kantu_main.pas"/>
        <Caret Line="23" Column="5" TopLine="17"/>
      </Position6>
      <Position7>
        <Filename Value="kantu_main.pas"/>
        <Caret Line="365" Column="14" TopLine="35"/>
      </Position7>
      <Position8>
        <Filename Value="kantu_loadsymbol.pas"/>
        <Caret Line="36" Column="2" TopLine="14"/>
      </Position8>
      <Position9>
        <Filename Value="kantu_loadsymbol.pas"/>
        <Caret Line="32" Column="5" TopLine="14"/>
      </Position9>
      <Position10>
        <Filename Value="kantu_main.pas"/>
        <Caret Line="31" Column="74"/>
      </Position10>
      <Position11>
        <Filename Value="kantu_main.pas"/>
        <Caret Line="26" Column="72"/>
      </Position11>
      <Position12>
        <Filename Value="kantu_indicators.pas"/>
        <Caret Line="2398" Column="46" TopLine="2359"/>
      </Position12>
      <Position13>
        <Filename Value="kantu.pas"/>
        <Caret Line="85" Column="39"/>
      </Position13>
      <Position14>
        <Filename Value="kantu.pas"/>
        <Caret Line="29" Column="83"/>
      </Position14>
      <Position15>
        <Filename Value="ktchart.lfm"/>
      </Position15>
      <Position16>
        <Filename Value="ktChart.pas"/>
        <Caret Line="2" Column="3"/>
      </Position16>
      <Position17>
        <Filename Value="ktchart.lfm"/>
      </Position17>
      <Position18>
        <Filename Value="ktChart.pas"/>
        <Caret Line="12" Column="68" TopLine="3"/>
      </Position18>
    </JumpHistory>
  </ProjectOptions>
  <CompilerOptions>
    <Version Value="11"/>
    <PathDelim Value="\"/>
    <Target>
      <Filename Value="kantu"/>
    </Target>
    <SearchPaths>
      <IncludeFiles Value="$(ProjOutDir)"/>
      <OtherUnitFiles Value="C:\dev\lazarus\lcl\;C:\dev\lazarus\lcl\widgetset\;C:\dev\lazarus\lcl\include\;C:\dev\lazarus\components\lazutils\"/>
      <UnitOutputDirectory Value="lib\$(TargetCPU)-$(TargetOS)"/>
    </SearchPaths>
    <CodeGeneration>
      <TargetOS Value="win64"/>
      <Optimizations>
        <OptimizationLevel Value="3"/>
      </Optimizations>
    </CodeGeneration>
    <Linking>
      <Debugging>
        <GenerateDebugInfo Value="False"/>
        <DebugInfoType Value="dsDwarf2Set"/>
      </Debugging>
      <Options>
        <Win32>
          <GraphicApplication Value="True"/>
        </Win32>
      </Options>
    </Linking>
    <Other>
      <CustomOptions Value="-dUseOINormalCheckBox"/>
      <OtherDefines Count="2">
        <Define0 Value="UseOINormalCheckBox"/>
        <Define1 Value="DELPHI"/>
      </OtherDefines>
    </Other>
  </CompilerOptions>
  <Debugging>
    <Exceptions Count="4">
      <Item1>
        <Name Value="EAbort"/>
      </Item1>
      <Item2>
        <Name Value="ECodetoolError"/>
      </Item2>
      <Item3>
        <Name Value="EFOpenError"/>
      </Item3>
      <Item4>
        <Name Value="EConvertError"/>
      </Item4>
    </Exceptions>
  </Debugging>
</CONFIG>
